
Microsoft Visual Studio Solution File, Format Version 12.00
# Visual Studio Version 17
VisualStudioVersion = 17.11.35327.3
MinimumVisualStudioVersion = 10.0.40219.1
Project("{9A19103F-16F7-4668-BE54-9A1E7A4F7556}") = "MQ.Finder.Api", "MQ.Finder.Api\MQ.Finder.Api.csproj", "{DD8D5477-4D53-4893-8D24-E7421B06ADCF}"
EndProject
Project("{9A19103F-16F7-4668-BE54-9A1E7A4F7556}") = "MQ.Finder.Data.Loader", "MQ.Finder.Data.Loader\MQ.Finder.Data.Loader.csproj", "{72AFCB8A-3A45-449C-AE36-3022DBBCD25F}"
EndProject
Project("{9A19103F-16F7-4668-BE54-9A1E7A4F7556}") = "MQ.Finder.Data.Finder", "MQ.Finder.Data.Finder\MQ.Finder.Data.Finder.csproj", "{CEEE86F5-CF6A-4358-9585-1BA996624EF9}"
EndProject
Project("{9A19103F-16F7-4668-BE54-9A1E7A4F7556}") = "MQ.Finder.Data.Finder.Tests", "MQ.Finder.Data.Finder.Tests\MQ.Finder.Data.Finder.Tests.csproj", "{2C1809A6-9BA8-4EA8-B524-EBFA597464D2}"
EndProject
Project("{FAE04EC0-301F-11D3-BF4B-00C04F79EFBC}") = "MQ.Finder.Web", "MQ.Finder.Web\MQ.Finder.Web.csproj", "{241DBD8E-8846-4ACB-BB0F-8E6EE776F42A}"
EndProject
Global
	GlobalSection(SolutionConfigurationPlatforms) = preSolution
		Debug|Any CPU = Debug|Any CPU
		Release|Any CPU = Release|Any CPU
	EndGlobalSection
	GlobalSection(ProjectConfigurationPlatforms) = postSolution
		{DD8D5477-4D53-4893-8D24-E7421B06ADCF}.Debug|Any CPU.ActiveCfg = Debug|Any CPU
		{DD8D5477-4D53-4893-8D24-E7421B06ADCF}.Debug|Any CPU.Build.0 = Debug|Any CPU
		{DD8D5477-4D53-4893-8D24-E7421B06ADCF}.Release|Any CPU.ActiveCfg = Release|Any CPU
		{DD8D5477-4D53-4893-8D24-E7421B06ADCF}.Release|Any CPU.Build.0 = Release|Any CPU
		{72AFCB8A-3A45-449C-AE36-3022DBBCD25F}.Debug|Any CPU.ActiveCfg = Debug|Any CPU
		{72AFCB8A-3A45-449C-AE36-3022DBBCD25F}.Debug|Any CPU.Build.0 = Debug|Any CPU
		{72AFCB8A-3A45-449C-AE36-3022DBBCD25F}.Release|Any CPU.ActiveCfg = Release|Any CPU
		{72AFCB8A-3A45-449C-AE36-3022DBBCD25F}.Release|Any CPU.Build.0 = Release|Any CPU
		{CEEE86F5-CF6A-4358-9585-1BA996624EF9}.Debug|Any CPU.ActiveCfg = Debug|Any CPU
		{CEEE86F5-CF6A-4358-9585-1BA996624EF9}.Debug|Any CPU.Build.0 = Debug|Any CPU
		{CEEE86F5-CF6A-4358-9585-1BA996624EF9}.Release|Any CPU.ActiveCfg = Release|Any CPU
		{CEEE86F5-CF6A-4358-9585-1BA996624EF9}.Release|Any CPU.Build.0 = Release|Any CPU
		{2C1809A6-9BA8-4EA8-B524-EBFA597464D2}.Debug|Any CPU.ActiveCfg = Debug|Any CPU
		{2C1809A6-9BA8-4EA8-B524-EBFA597464D2}.Debug|Any CPU.Build.0 = Debug|Any CPU
		{2C1809A6-9BA8-4EA8-B524-EBFA597464D2}.Release|Any CPU.ActiveCfg = Release|Any CPU
		{2C1809A6-9BA8-4EA8-B524-EBFA597464D2}.Release|Any CPU.Build.0 = Release|Any CPU
		{241DBD8E-8846-4ACB-BB0F-8E6EE776F42A}.Debug|Any CPU.ActiveCfg = Debug|Any CPU
		{241DBD8E-8846-4ACB-BB0F-8E6EE776F42A}.Debug|Any CPU.Build.0 = Debug|Any CPU
		{241DBD8E-8846-4ACB-BB0F-8E6EE776F42A}.Release|Any CPU.ActiveCfg = Release|Any CPU
		{241DBD8E-8846-4ACB-BB0F-8E6EE776F42A}.Release|Any CPU.Build.0 = Release|Any CPU
	EndGlobalSection
	GlobalSection(SolutionProperties) = preSolution
		HideSolutionNode = FALSE
	EndGlobalSection
	GlobalSection(ExtensibilityGlobals) = postSolution
		SolutionGuid = {A75FBADB-A618-4248-91E7-8AB2386DC677}
	EndGlobalSection
EndGlobal
